
Microsoft Visual Studio Solution File, Format Version 12.00
# Visual Studio Version 17
VisualStudioVersion = 17.6.33829.357
MinimumVisualStudioVersion = 10.0.40219.1
Project("{9A19103F-16F7-4668-BE54-9A1E7A4F7556}") = "Leetcode", "Leetcode\Leetcode.csproj", "{FFC9CD9B-7C1C-4038-9420-899DE824ABA4}"
EndProject
Project("{9A19103F-16F7-4668-BE54-9A1E7A4F7556}") = "Leetcode02", "Leetcode02\Leetcode02.csproj", "{B8B211EC-CB34-446B-8C26-E0E7B955896C}"
EndProject
Project("{9A19103F-16F7-4668-BE54-9A1E7A4F7556}") = "Leetcode03", "Leetcode03\Leetcode03.csproj", "{2E3709B9-FA8D-4A17-B57C-B31517A90692}"
EndProject
Project("{9A19103F-16F7-4668-BE54-9A1E7A4F7556}") = "LeetCode04", "LeetCode04\LeetCode04.csproj", "{5AAAFD76-94C2-4E32-892B-61EED9BB8578}"
EndProject
Project("{9A19103F-16F7-4668-BE54-9A1E7A4F7556}") = "LeetCode05", "LeetCode05\LeetCode05.csproj", "{FD3B46A5-7A3D-4539-AF4C-5F4442B4D9FB}"
EndProject
Project("{FAE04EC0-301F-11D3-BF4B-00C04F79EFBC}") = "Leetcode06", "Leetcode06\Leetcode06.csproj", "{7AF175EE-5B75-427C-B0C9-B8C0F6F4CD7B}"
EndProject
Project("{FAE04EC0-301F-11D3-BF4B-00C04F79EFBC}") = "Leetcode7-Recursion-Easy", "Leetcode7-Recursion-Easy\Leetcode7-Recursion-Easy.csproj", "{99DCD3E5-7606-47CC-B8EC-11074246DC4F}"
EndProject
Global
	GlobalSection(SolutionConfigurationPlatforms) = preSolution
		Debug|Any CPU = Debug|Any CPU
		Release|Any CPU = Release|Any CPU
	EndGlobalSection
	GlobalSection(ProjectConfigurationPlatforms) = postSolution
		{FFC9CD9B-7C1C-4038-9420-899DE824ABA4}.Debug|Any CPU.ActiveCfg = Debug|Any CPU
		{FFC9CD9B-7C1C-4038-9420-899DE824ABA4}.Debug|Any CPU.Build.0 = Debug|Any CPU
		{FFC9CD9B-7C1C-4038-9420-899DE824ABA4}.Release|Any CPU.ActiveCfg = Release|Any CPU
		{FFC9CD9B-7C1C-4038-9420-899DE824ABA4}.Release|Any CPU.Build.0 = Release|Any CPU
		{B8B211EC-CB34-446B-8C26-E0E7B955896C}.Debug|Any CPU.ActiveCfg = Debug|Any CPU
		{B8B211EC-CB34-446B-8C26-E0E7B955896C}.Debug|Any CPU.Build.0 = Debug|Any CPU
		{B8B211EC-CB34-446B-8C26-E0E7B955896C}.Release|Any CPU.ActiveCfg = Release|Any CPU
		{B8B211EC-CB34-446B-8C26-E0E7B955896C}.Release|Any CPU.Build.0 = Release|Any CPU
		{2E3709B9-FA8D-4A17-B57C-B31517A90692}.Debug|Any CPU.ActiveCfg = Debug|Any CPU
		{2E3709B9-FA8D-4A17-B57C-B31517A90692}.Debug|Any CPU.Build.0 = Debug|Any CPU
		{2E3709B9-FA8D-4A17-B57C-B31517A90692}.Release|Any CPU.ActiveCfg = Release|Any CPU
		{2E3709B9-FA8D-4A17-B57C-B31517A90692}.Release|Any CPU.Build.0 = Release|Any CPU
		{5AAAFD76-94C2-4E32-892B-61EED9BB8578}.Debug|Any CPU.ActiveCfg = Debug|Any CPU
		{5AAAFD76-94C2-4E32-892B-61EED9BB8578}.Debug|Any CPU.Build.0 = Debug|Any CPU
		{5AAAFD76-94C2-4E32-892B-61EED9BB8578}.Release|Any CPU.ActiveCfg = Release|Any CPU
		{5AAAFD76-94C2-4E32-892B-61EED9BB8578}.Release|Any CPU.Build.0 = Release|Any CPU
		{FD3B46A5-7A3D-4539-AF4C-5F4442B4D9FB}.Debug|Any CPU.ActiveCfg = Debug|Any CPU
		{FD3B46A5-7A3D-4539-AF4C-5F4442B4D9FB}.Debug|Any CPU.Build.0 = Debug|Any CPU
		{FD3B46A5-7A3D-4539-AF4C-5F4442B4D9FB}.Release|Any CPU.ActiveCfg = Release|Any CPU
		{FD3B46A5-7A3D-4539-AF4C-5F4442B4D9FB}.Release|Any CPU.Build.0 = Release|Any CPU
		{7AF175EE-5B75-427C-B0C9-B8C0F6F4CD7B}.Debug|Any CPU.ActiveCfg = Debug|Any CPU
		{7AF175EE-5B75-427C-B0C9-B8C0F6F4CD7B}.Debug|Any CPU.Build.0 = Debug|Any CPU
		{7AF175EE-5B75-427C-B0C9-B8C0F6F4CD7B}.Release|Any CPU.ActiveCfg = Release|Any CPU
		{7AF175EE-5B75-427C-B0C9-B8C0F6F4CD7B}.Release|Any CPU.Build.0 = Release|Any CPU
		{99DCD3E5-7606-47CC-B8EC-11074246DC4F}.Debug|Any CPU.ActiveCfg = Debug|Any CPU
		{99DCD3E5-7606-47CC-B8EC-11074246DC4F}.Debug|Any CPU.Build.0 = Debug|Any CPU
		{99DCD3E5-7606-47CC-B8EC-11074246DC4F}.Release|Any CPU.ActiveCfg = Release|Any CPU
		{99DCD3E5-7606-47CC-B8EC-11074246DC4F}.Release|Any CPU.Build.0 = Release|Any CPU
	EndGlobalSection
	GlobalSection(SolutionProperties) = preSolution
		HideSolutionNode = FALSE
	EndGlobalSection
	GlobalSection(ExtensibilityGlobals) = postSolution
		SolutionGuid = {44C794FD-F95F-4D3F-AB0F-BB0DFB342605}
	EndGlobalSection
EndGlobal
