
Microsoft Visual Studio Solution File, Format Version 12.00
# Visual Studio Version 17
VisualStudioVersion = 17.6.33829.357
MinimumVisualStudioVersion = 10.0.40219.1
Project("{9A19103F-16F7-4668-BE54-9A1E7A4F7556}") = "Leetcode", "Leetcode\Leetcode.csproj", "{FFC9CD9B-7C1C-4038-9420-899DE824ABA4}"
EndProject
Project("{9A19103F-16F7-4668-BE54-9A1E7A4F7556}") = "Leetcode02", "Leetcode02\Leetcode02.csproj", "{B8B211EC-CB34-446B-8C26-E0E7B955896C}"
EndProject
Project("{9A19103F-16F7-4668-BE54-9A1E7A4F7556}") = "Leetcode03", "Leetcode03\Leetcode03.csproj", "{2E3709B9-FA8D-4A17-B57C-B31517A90692}"
EndProject
Project("{FAE04EC0-301F-11D3-BF4B-00C04F79EFBC}") = "LeetCode04", "LeetCode04\LeetCode04.csproj", "{5AAAFD76-94C2-4E32-892B-61EED9BB8578}"
EndProject
Global
	GlobalSection(SolutionConfigurationPlatforms) = preSolution
		Debug|Any CPU = Debug|Any CPU
		Release|Any CPU = Release|Any CPU
	EndGlobalSection
	GlobalSection(ProjectConfigurationPlatforms) = postSolution
		{FFC9CD9B-7C1C-4038-9420-899DE824ABA4}.Debug|Any CPU.ActiveCfg = Debug|Any CPU
		{FFC9CD9B-7C1C-4038-9420-899DE824ABA4}.Debug|Any CPU.Build.0 = Debug|Any CPU
		{FFC9CD9B-7C1C-4038-9420-899DE824ABA4}.Release|Any CPU.ActiveCfg = Release|Any CPU
		{FFC9CD9B-7C1C-4038-9420-899DE824ABA4}.Release|Any CPU.Build.0 = Release|Any CPU
		{B8B211EC-CB34-446B-8C26-E0E7B955896C}.Debug|Any CPU.ActiveCfg = Debug|Any CPU
		{B8B211EC-CB34-446B-8C26-E0E7B955896C}.Debug|Any CPU.Build.0 = Debug|Any CPU
		{B8B211EC-CB34-446B-8C26-E0E7B955896C}.Release|Any CPU.ActiveCfg = Release|Any CPU
		{B8B211EC-CB34-446B-8C26-E0E7B955896C}.Release|Any CPU.Build.0 = Release|Any CPU
		{2E3709B9-FA8D-4A17-B57C-B31517A90692}.Debug|Any CPU.ActiveCfg = Debug|Any CPU
		{2E3709B9-FA8D-4A17-B57C-B31517A90692}.Debug|Any CPU.Build.0 = Debug|Any CPU
		{2E3709B9-FA8D-4A17-B57C-B31517A90692}.Release|Any CPU.ActiveCfg = Release|Any CPU
		{2E3709B9-FA8D-4A17-B57C-B31517A90692}.Release|Any CPU.Build.0 = Release|Any CPU
		{5AAAFD76-94C2-4E32-892B-61EED9BB8578}.Debug|Any CPU.ActiveCfg = Debug|Any CPU
		{5AAAFD76-94C2-4E32-892B-61EED9BB8578}.Debug|Any CPU.Build.0 = Debug|Any CPU
		{5AAAFD76-94C2-4E32-892B-61EED9BB8578}.Release|Any CPU.ActiveCfg = Release|Any CPU
		{5AAAFD76-94C2-4E32-892B-61EED9BB8578}.Release|Any CPU.Build.0 = Release|Any CPU
	EndGlobalSection
	GlobalSection(SolutionProperties) = preSolution
		HideSolutionNode = FALSE
	EndGlobalSection
	GlobalSection(ExtensibilityGlobals) = postSolution
		SolutionGuid = {44C794FD-F95F-4D3F-AB0F-BB0DFB342605}
	EndGlobalSection
EndGlobal
